
Microsoft Visual Studio Solution File, Format Version 12.00
# Visual Studio Version 16
VisualStudioVersion = 16.0.29519.87
MinimumVisualStudioVersion = 10.0.40219.1
Project("{FAE04EC0-301F-11D3-BF4B-00C04F79EFBC}") = "PoShWPF", "PoShWPF\PoShWPF.csproj", "{0D8FC3DB-031F-4F8C-890E-0EBA39E1CEBA}"
EndProject
Global
	GlobalSection(SolutionConfigurationPlatforms) = preSolution
		Debug|Any CPU = Debug|Any CPU
		Release|Any CPU = Release|Any CPU
	EndGlobalSection
	GlobalSection(ProjectConfigurationPlatforms) = postSolution
		{0D8FC3DB-031F-4F8C-890E-0EBA39E1CEBA}.Debug|Any CPU.ActiveCfg = Debug|Any CPU
		{0D8FC3DB-031F-4F8C-890E-0EBA39E1CEBA}.Debug|Any CPU.Build.0 = Debug|Any CPU
		{0D8FC3DB-031F-4F8C-890E-0EBA39E1CEBA}.Release|Any CPU.ActiveCfg = Release|Any CPU
		{0D8FC3DB-031F-4F8C-890E-0EBA39E1CEBA}.Release|Any CPU.Build.0 = Release|Any CPU
	EndGlobalSection
	GlobalSection(SolutionProperties) = preSolution
		HideSolutionNode = FALSE
	EndGlobalSection
	GlobalSection(ExtensibilityGlobals) = postSolution
		SolutionGuid = {68DC244E-6910-4BE2-8A12-F6BCD96AFE85}
	EndGlobalSection
EndGlobal
